
Microsoft Visual Studio Solution File, Format Version 12.00
# Visual Studio 15
VisualStudioVersion = 15.0.28010.2036
MinimumVisualStudioVersion = 10.0.40219.1
Project("{FAE04EC0-301F-11D3-BF4B-00C04F79EFBC}") = "baitapluyen", "baitapluyen\baitapluyen.csproj", "{E59F8BDE-366C-4E4F-BD6D-F1C421AF7B7B}"
EndProject
Global
	GlobalSection(SolutionConfigurationPlatforms) = preSolution
		Debug|ARM = Debug|ARM
		Debug|x64 = Debug|x64
		Debug|x86 = Debug|x86
		Release|ARM = Release|ARM
		Release|x64 = Release|x64
		Release|x86 = Release|x86
	EndGlobalSection
	GlobalSection(ProjectConfigurationPlatforms) = postSolution
		{E59F8BDE-366C-4E4F-BD6D-F1C421AF7B7B}.Debug|ARM.ActiveCfg = Debug|ARM
		{E59F8BDE-366C-4E4F-BD6D-F1C421AF7B7B}.Debug|ARM.Build.0 = Debug|ARM
		{E59F8BDE-366C-4E4F-BD6D-F1C421AF7B7B}.Debug|ARM.Deploy.0 = Debug|ARM
		{E59F8BDE-366C-4E4F-BD6D-F1C421AF7B7B}.Debug|x64.ActiveCfg = Debug|x64
		{E59F8BDE-366C-4E4F-BD6D-F1C421AF7B7B}.Debug|x64.Build.0 = Debug|x64
		{E59F8BDE-366C-4E4F-BD6D-F1C421AF7B7B}.Debug|x64.Deploy.0 = Debug|x64
		{E59F8BDE-366C-4E4F-BD6D-F1C421AF7B7B}.Debug|x86.ActiveCfg = Debug|x86
		{E59F8BDE-366C-4E4F-BD6D-F1C421AF7B7B}.Debug|x86.Build.0 = Debug|x86
		{E59F8BDE-366C-4E4F-BD6D-F1C421AF7B7B}.Debug|x86.Deploy.0 = Debug|x86
		{E59F8BDE-366C-4E4F-BD6D-F1C421AF7B7B}.Release|ARM.ActiveCfg = Release|ARM
		{E59F8BDE-366C-4E4F-BD6D-F1C421AF7B7B}.Release|ARM.Build.0 = Release|ARM
		{E59F8BDE-366C-4E4F-BD6D-F1C421AF7B7B}.Release|ARM.Deploy.0 = Release|ARM
		{E59F8BDE-366C-4E4F-BD6D-F1C421AF7B7B}.Release|x64.ActiveCfg = Release|x64
		{E59F8BDE-366C-4E4F-BD6D-F1C421AF7B7B}.Release|x64.Build.0 = Release|x64
		{E59F8BDE-366C-4E4F-BD6D-F1C421AF7B7B}.Release|x64.Deploy.0 = Release|x64
		{E59F8BDE-366C-4E4F-BD6D-F1C421AF7B7B}.Release|x86.ActiveCfg = Release|x86
		{E59F8BDE-366C-4E4F-BD6D-F1C421AF7B7B}.Release|x86.Build.0 = Release|x86
		{E59F8BDE-366C-4E4F-BD6D-F1C421AF7B7B}.Release|x86.Deploy.0 = Release|x86
	EndGlobalSection
	GlobalSection(SolutionProperties) = preSolution
		HideSolutionNode = FALSE
	EndGlobalSection
	GlobalSection(ExtensibilityGlobals) = postSolution
		SolutionGuid = {6EBEE37D-25FE-4632-9CC9-115A56E5EB5D}
	EndGlobalSection
EndGlobal
